
Microsoft Visual Studio Solution File, Format Version 12.00
Project("{FAE04EC0-301F-11D3-BF4B-00C04F79EFBC}") = "WeatherService", "WeatherService\WeatherService.csproj", "{2FC98FE3-2314-41F9-B322-9BECA3AEB5FD}"
EndProject
Project("{2150E333-8FDC-42A3-9474-1A3956D46DE8}") = "Solution Items", "Solution Items", "{94C73AF8-2A32-4537-B0F2-A2B4CE4C23F7}"
	ProjectSection(SolutionItems) = preProject
		docker-compose.yml = docker-compose.yml
	EndProjectSection
EndProject
Global
	GlobalSection(SolutionConfigurationPlatforms) = preSolution
		Debug|Any CPU = Debug|Any CPU
		Release|Any CPU = Release|Any CPU
	EndGlobalSection
	GlobalSection(ProjectConfigurationPlatforms) = postSolution
		{2FC98FE3-2314-41F9-B322-9BECA3AEB5FD}.Debug|Any CPU.ActiveCfg = Debug|Any CPU
		{2FC98FE3-2314-41F9-B322-9BECA3AEB5FD}.Debug|Any CPU.Build.0 = Debug|Any CPU
		{2FC98FE3-2314-41F9-B322-9BECA3AEB5FD}.Release|Any CPU.ActiveCfg = Release|Any CPU
		{2FC98FE3-2314-41F9-B322-9BECA3AEB5FD}.Release|Any CPU.Build.0 = Release|Any CPU
	EndGlobalSection
EndGlobal
